
Microsoft Visual Studio Solution File, Format Version 12.00
# Visual Studio 15
VisualStudioVersion = 15.0.28307.168
MinimumVisualStudioVersion = 10.0.40219.1
Project("{FAE04EC0-301F-11D3-BF4B-00C04F79EFBC}") = "AspNetCoreApiModelBindingFromHeaders", "AspNetCoreApiModelBindingFromHeaders\AspNetCoreApiModelBindingFromHeaders.csproj", "{BEA13597-8F53-4025-89A0-CA7C9D651FB5}"
EndProject
Project("{FAE04EC0-301F-11D3-BF4B-00C04F79EFBC}") = "AspNetCoreApiModelBindingFromHeaders.Tests", "AspNetCoreApiModelBindingFromHeaders.Tests\AspNetCoreApiModelBindingFromHeaders.Tests.csproj", "{054F9776-C91D-4BC9-8D39-FF059D62ED82}"
EndProject
Global
	GlobalSection(SolutionConfigurationPlatforms) = preSolution
		Debug|Any CPU = Debug|Any CPU
		Release|Any CPU = Release|Any CPU
	EndGlobalSection
	GlobalSection(ProjectConfigurationPlatforms) = postSolution
		{BEA13597-8F53-4025-89A0-CA7C9D651FB5}.Debug|Any CPU.ActiveCfg = Debug|Any CPU
		{BEA13597-8F53-4025-89A0-CA7C9D651FB5}.Debug|Any CPU.Build.0 = Debug|Any CPU
		{BEA13597-8F53-4025-89A0-CA7C9D651FB5}.Release|Any CPU.ActiveCfg = Release|Any CPU
		{BEA13597-8F53-4025-89A0-CA7C9D651FB5}.Release|Any CPU.Build.0 = Release|Any CPU
		{054F9776-C91D-4BC9-8D39-FF059D62ED82}.Debug|Any CPU.ActiveCfg = Debug|Any CPU
		{054F9776-C91D-4BC9-8D39-FF059D62ED82}.Debug|Any CPU.Build.0 = Debug|Any CPU
		{054F9776-C91D-4BC9-8D39-FF059D62ED82}.Release|Any CPU.ActiveCfg = Release|Any CPU
		{054F9776-C91D-4BC9-8D39-FF059D62ED82}.Release|Any CPU.Build.0 = Release|Any CPU
	EndGlobalSection
	GlobalSection(SolutionProperties) = preSolution
		HideSolutionNode = FALSE
	EndGlobalSection
	GlobalSection(ExtensibilityGlobals) = postSolution
		SolutionGuid = {ABAA4F42-9C6E-4BD7-8C31-5C4AB723D60E}
	EndGlobalSection
EndGlobal
